
Microsoft Visual Studio Solution File, Format Version 12.00
# Visual Studio 14
VisualStudioVersion = 14.0.24720.0
MinimumVisualStudioVersion = 10.0.40219.1
Project("{FAE04EC0-301F-11D3-BF4B-00C04F79EFBC}") = "Gwen.UnitTest.OpenTK", "Gwen.UnitTest.OpenTK\Gwen.UnitTest.OpenTK.csproj", "{B316F57F-6D02-4487-95AE-EA88B9C995CE}"
EndProject
Project("{FAE04EC0-301F-11D3-BF4B-00C04F79EFBC}") = "Gwen.Renderer.OpenTK", "Gwen.Renderer.OpenTK\Gwen.Renderer.OpenTK.csproj", "{41650C82-D630-4E5C-845A-F1513C8FDC99}"
EndProject
Project("{FAE04EC0-301F-11D3-BF4B-00C04F79EFBC}") = "Gwen.XmlDesigner", "Gwen.XmlDesigner\Gwen.XmlDesigner.csproj", "{D71C277E-F684-4D2F-8FC3-83D4A6374080}"
EndProject
Project("{FAE04EC0-301F-11D3-BF4B-00C04F79EFBC}") = "Gwen.XmlDesigner.OpenTK", "Gwen.XmlDesigner.OpenTK\Gwen.XmlDesigner.OpenTK.csproj", "{A0497842-4A71-45A6-928F-2BC2467DA544}"
EndProject
Project("{FAE04EC0-301F-11D3-BF4B-00C04F79EFBC}") = "Gwen.Platform.Windows", "Gwen.Platform.Windows\Gwen.Platform.Windows.csproj", "{84C52BA6-C8D5-4D68-BF1B-A5D7E9E2EB8C}"
EndProject
Project("{FAE04EC0-301F-11D3-BF4B-00C04F79EFBC}") = "Gwen.UnitTest.Android", "Gwen.UnitTest.Android\Gwen.UnitTest.Android.csproj", "{C18A1A8D-4C5E-44AB-ACA3-502CFCEEFFD0}"
EndProject
Project("{FAE04EC0-301F-11D3-BF4B-00C04F79EFBC}") = "Gwen.Platform.Android", "Gwen.Platform.Android\Gwen.Platform.Android.csproj", "{2C91C2A4-5287-4EF9-B1C9-2F5C56C6BCAD}"
EndProject
Project("{FAE04EC0-301F-11D3-BF4B-00C04F79EFBC}") = "Gwen.Renderer.Android.OpenTK", "Gwen.Renderer.Android.OpenTK\Gwen.Renderer.Android.OpenTK.csproj", "{61813EE8-E5A8-477F-B8B8-07E963799F09}"
EndProject
Project("{FAE04EC0-301F-11D3-BF4B-00C04F79EFBC}") = "Gwen", "Gwen\Gwen.csproj", "{72BFB713-3E5F-4473-ADD5-31C07C148699}"
EndProject
Project("{FAE04EC0-301F-11D3-BF4B-00C04F79EFBC}") = "Gwen.UnitTest", "Gwen.UnitTest\Gwen.UnitTest.csproj", "{98B3D549-C3C9-4EA8-AC94-F7295B12F3DE}"
EndProject
Project("{FAE04EC0-301F-11D3-BF4B-00C04F79EFBC}") = "Gwen.UnitTest.iOS", "Gwen.UnitTest.iOS\Gwen.UnitTest.iOS.csproj", "{04221AE1-134B-44A0-BEF0-873B93090364}"
EndProject
Project("{FAE04EC0-301F-11D3-BF4B-00C04F79EFBC}") = "Gwen.Renderer.iOS.OpenTK", "Gwen.Renderer.iOS.OpenTK\Gwen.Renderer.iOS.OpenTK.csproj", "{39630179-53BC-44C3-8F71-E3A966E9938A}"
EndProject
Project("{FAE04EC0-301F-11D3-BF4B-00C04F79EFBC}") = "Gwen.Platform.iOS", "Gwen.Platform.iOS\Gwen.Platform.iOS.csproj", "{687E58E6-9D7D-48B7-9CD6-94F73D49851F}"
EndProject
Global
	GlobalSection(SolutionConfigurationPlatforms) = preSolution
		Debug|Any CPU = Debug|Any CPU
		Debug|iPhone = Debug|iPhone
		Debug|iPhoneSimulator = Debug|iPhoneSimulator
		Release|Any CPU = Release|Any CPU
		Release|iPhone = Release|iPhone
		Release|iPhoneSimulator = Release|iPhoneSimulator
	EndGlobalSection
	GlobalSection(ProjectConfigurationPlatforms) = postSolution
		{B316F57F-6D02-4487-95AE-EA88B9C995CE}.Debug|Any CPU.ActiveCfg = Debug|Any CPU
		{B316F57F-6D02-4487-95AE-EA88B9C995CE}.Debug|Any CPU.Build.0 = Debug|Any CPU
		{B316F57F-6D02-4487-95AE-EA88B9C995CE}.Debug|iPhone.ActiveCfg = Debug|Any CPU
		{B316F57F-6D02-4487-95AE-EA88B9C995CE}.Debug|iPhone.Build.0 = Debug|Any CPU
		{B316F57F-6D02-4487-95AE-EA88B9C995CE}.Debug|iPhoneSimulator.ActiveCfg = Debug|Any CPU
		{B316F57F-6D02-4487-95AE-EA88B9C995CE}.Debug|iPhoneSimulator.Build.0 = Debug|Any CPU
		{B316F57F-6D02-4487-95AE-EA88B9C995CE}.Release|Any CPU.ActiveCfg = Release|Any CPU
		{B316F57F-6D02-4487-95AE-EA88B9C995CE}.Release|Any CPU.Build.0 = Release|Any CPU
		{B316F57F-6D02-4487-95AE-EA88B9C995CE}.Release|iPhone.ActiveCfg = Release|Any CPU
		{B316F57F-6D02-4487-95AE-EA88B9C995CE}.Release|iPhone.Build.0 = Release|Any CPU
		{B316F57F-6D02-4487-95AE-EA88B9C995CE}.Release|iPhoneSimulator.ActiveCfg = Release|Any CPU
		{B316F57F-6D02-4487-95AE-EA88B9C995CE}.Release|iPhoneSimulator.Build.0 = Release|Any CPU
		{41650C82-D630-4E5C-845A-F1513C8FDC99}.Debug|Any CPU.ActiveCfg = Debug|Any CPU
		{41650C82-D630-4E5C-845A-F1513C8FDC99}.Debug|Any CPU.Build.0 = Debug|Any CPU
		{41650C82-D630-4E5C-845A-F1513C8FDC99}.Debug|iPhone.ActiveCfg = Debug|Any CPU
		{41650C82-D630-4E5C-845A-F1513C8FDC99}.Debug|iPhone.Build.0 = Debug|Any CPU
		{41650C82-D630-4E5C-845A-F1513C8FDC99}.Debug|iPhoneSimulator.ActiveCfg = Debug|Any CPU
		{41650C82-D630-4E5C-845A-F1513C8FDC99}.Debug|iPhoneSimulator.Build.0 = Debug|Any CPU
		{41650C82-D630-4E5C-845A-F1513C8FDC99}.Release|Any CPU.ActiveCfg = Release|Any CPU
		{41650C82-D630-4E5C-845A-F1513C8FDC99}.Release|Any CPU.Build.0 = Release|Any CPU
		{41650C82-D630-4E5C-845A-F1513C8FDC99}.Release|iPhone.ActiveCfg = Release|Any CPU
		{41650C82-D630-4E5C-845A-F1513C8FDC99}.Release|iPhone.Build.0 = Release|Any CPU
		{41650C82-D630-4E5C-845A-F1513C8FDC99}.Release|iPhoneSimulator.ActiveCfg = Release|Any CPU
		{41650C82-D630-4E5C-845A-F1513C8FDC99}.Release|iPhoneSimulator.Build.0 = Release|Any CPU
		{D71C277E-F684-4D2F-8FC3-83D4A6374080}.Debug|Any CPU.ActiveCfg = Debug|Any CPU
		{D71C277E-F684-4D2F-8FC3-83D4A6374080}.Debug|Any CPU.Build.0 = Debug|Any CPU
		{D71C277E-F684-4D2F-8FC3-83D4A6374080}.Debug|iPhone.ActiveCfg = Debug|Any CPU
		{D71C277E-F684-4D2F-8FC3-83D4A6374080}.Debug|iPhone.Build.0 = Debug|Any CPU
		{D71C277E-F684-4D2F-8FC3-83D4A6374080}.Debug|iPhoneSimulator.ActiveCfg = Debug|Any CPU
		{D71C277E-F684-4D2F-8FC3-83D4A6374080}.Debug|iPhoneSimulator.Build.0 = Debug|Any CPU
		{D71C277E-F684-4D2F-8FC3-83D4A6374080}.Release|Any CPU.ActiveCfg = Release|Any CPU
		{D71C277E-F684-4D2F-8FC3-83D4A6374080}.Release|Any CPU.Build.0 = Release|Any CPU
		{D71C277E-F684-4D2F-8FC3-83D4A6374080}.Release|iPhone.ActiveCfg = Release|Any CPU
		{D71C277E-F684-4D2F-8FC3-83D4A6374080}.Release|iPhone.Build.0 = Release|Any CPU
		{D71C277E-F684-4D2F-8FC3-83D4A6374080}.Release|iPhoneSimulator.ActiveCfg = Release|Any CPU
		{D71C277E-F684-4D2F-8FC3-83D4A6374080}.Release|iPhoneSimulator.Build.0 = Release|Any CPU
		{A0497842-4A71-45A6-928F-2BC2467DA544}.Debug|Any CPU.ActiveCfg = Debug|Any CPU
		{A0497842-4A71-45A6-928F-2BC2467DA544}.Debug|Any CPU.Build.0 = Debug|Any CPU
		{A0497842-4A71-45A6-928F-2BC2467DA544}.Debug|iPhone.ActiveCfg = Debug|Any CPU
		{A0497842-4A71-45A6-928F-2BC2467DA544}.Debug|iPhone.Build.0 = Debug|Any CPU
		{A0497842-4A71-45A6-928F-2BC2467DA544}.Debug|iPhoneSimulator.ActiveCfg = Debug|Any CPU
		{A0497842-4A71-45A6-928F-2BC2467DA544}.Debug|iPhoneSimulator.Build.0 = Debug|Any CPU
		{A0497842-4A71-45A6-928F-2BC2467DA544}.Release|Any CPU.ActiveCfg = Release|Any CPU
		{A0497842-4A71-45A6-928F-2BC2467DA544}.Release|Any CPU.Build.0 = Release|Any CPU
		{A0497842-4A71-45A6-928F-2BC2467DA544}.Release|iPhone.ActiveCfg = Release|Any CPU
		{A0497842-4A71-45A6-928F-2BC2467DA544}.Release|iPhone.Build.0 = Release|Any CPU
		{A0497842-4A71-45A6-928F-2BC2467DA544}.Release|iPhoneSimulator.ActiveCfg = Release|Any CPU
		{A0497842-4A71-45A6-928F-2BC2467DA544}.Release|iPhoneSimulator.Build.0 = Release|Any CPU
		{84C52BA6-C8D5-4D68-BF1B-A5D7E9E2EB8C}.Debug|Any CPU.ActiveCfg = Debug|Any CPU
		{84C52BA6-C8D5-4D68-BF1B-A5D7E9E2EB8C}.Debug|Any CPU.Build.0 = Debug|Any CPU
		{84C52BA6-C8D5-4D68-BF1B-A5D7E9E2EB8C}.Debug|iPhone.ActiveCfg = Debug|Any CPU
		{84C52BA6-C8D5-4D68-BF1B-A5D7E9E2EB8C}.Debug|iPhone.Build.0 = Debug|Any CPU
		{84C52BA6-C8D5-4D68-BF1B-A5D7E9E2EB8C}.Debug|iPhoneSimulator.ActiveCfg = Debug|Any CPU
		{84C52BA6-C8D5-4D68-BF1B-A5D7E9E2EB8C}.Debug|iPhoneSimulator.Build.0 = Debug|Any CPU
		{84C52BA6-C8D5-4D68-BF1B-A5D7E9E2EB8C}.Release|Any CPU.ActiveCfg = Release|Any CPU
		{84C52BA6-C8D5-4D68-BF1B-A5D7E9E2EB8C}.Release|Any CPU.Build.0 = Release|Any CPU
		{84C52BA6-C8D5-4D68-BF1B-A5D7E9E2EB8C}.Release|iPhone.ActiveCfg = Release|Any CPU
		{84C52BA6-C8D5-4D68-BF1B-A5D7E9E2EB8C}.Release|iPhone.Build.0 = Release|Any CPU
		{84C52BA6-C8D5-4D68-BF1B-A5D7E9E2EB8C}.Release|iPhoneSimulator.ActiveCfg = Release|Any CPU
		{84C52BA6-C8D5-4D68-BF1B-A5D7E9E2EB8C}.Release|iPhoneSimulator.Build.0 = Release|Any CPU
		{C18A1A8D-4C5E-44AB-ACA3-502CFCEEFFD0}.Debug|Any CPU.ActiveCfg = Debug|Any CPU
		{C18A1A8D-4C5E-44AB-ACA3-502CFCEEFFD0}.Debug|Any CPU.Build.0 = Debug|Any CPU
		{C18A1A8D-4C5E-44AB-ACA3-502CFCEEFFD0}.Debug|Any CPU.Deploy.0 = Debug|Any CPU
		{C18A1A8D-4C5E-44AB-ACA3-502CFCEEFFD0}.Debug|iPhone.ActiveCfg = Debug|Any CPU
		{C18A1A8D-4C5E-44AB-ACA3-502CFCEEFFD0}.Debug|iPhone.Build.0 = Debug|Any CPU
		{C18A1A8D-4C5E-44AB-ACA3-502CFCEEFFD0}.Debug|iPhoneSimulator.ActiveCfg = Debug|Any CPU
		{C18A1A8D-4C5E-44AB-ACA3-502CFCEEFFD0}.Debug|iPhoneSimulator.Build.0 = Debug|Any CPU
		{C18A1A8D-4C5E-44AB-ACA3-502CFCEEFFD0}.Release|Any CPU.ActiveCfg = Release|Any CPU
		{C18A1A8D-4C5E-44AB-ACA3-502CFCEEFFD0}.Release|Any CPU.Build.0 = Release|Any CPU
		{C18A1A8D-4C5E-44AB-ACA3-502CFCEEFFD0}.Release|Any CPU.Deploy.0 = Release|Any CPU
		{C18A1A8D-4C5E-44AB-ACA3-502CFCEEFFD0}.Release|iPhone.ActiveCfg = Release|Any CPU
		{C18A1A8D-4C5E-44AB-ACA3-502CFCEEFFD0}.Release|iPhone.Build.0 = Release|Any CPU
		{C18A1A8D-4C5E-44AB-ACA3-502CFCEEFFD0}.Release|iPhoneSimulator.ActiveCfg = Release|Any CPU
		{C18A1A8D-4C5E-44AB-ACA3-502CFCEEFFD0}.Release|iPhoneSimulator.Build.0 = Release|Any CPU
		{2C91C2A4-5287-4EF9-B1C9-2F5C56C6BCAD}.Debug|Any CPU.ActiveCfg = Debug|Any CPU
		{2C91C2A4-5287-4EF9-B1C9-2F5C56C6BCAD}.Debug|Any CPU.Build.0 = Debug|Any CPU
		{2C91C2A4-5287-4EF9-B1C9-2F5C56C6BCAD}.Debug|iPhone.ActiveCfg = Debug|Any CPU
		{2C91C2A4-5287-4EF9-B1C9-2F5C56C6BCAD}.Debug|iPhone.Build.0 = Debug|Any CPU
		{2C91C2A4-5287-4EF9-B1C9-2F5C56C6BCAD}.Debug|iPhoneSimulator.ActiveCfg = Debug|Any CPU
		{2C91C2A4-5287-4EF9-B1C9-2F5C56C6BCAD}.Debug|iPhoneSimulator.Build.0 = Debug|Any CPU
		{2C91C2A4-5287-4EF9-B1C9-2F5C56C6BCAD}.Release|Any CPU.ActiveCfg = Release|Any CPU
		{2C91C2A4-5287-4EF9-B1C9-2F5C56C6BCAD}.Release|Any CPU.Build.0 = Release|Any CPU
		{2C91C2A4-5287-4EF9-B1C9-2F5C56C6BCAD}.Release|iPhone.ActiveCfg = Release|Any CPU
		{2C91C2A4-5287-4EF9-B1C9-2F5C56C6BCAD}.Release|iPhone.Build.0 = Release|Any CPU
		{2C91C2A4-5287-4EF9-B1C9-2F5C56C6BCAD}.Release|iPhoneSimulator.ActiveCfg = Release|Any CPU
		{2C91C2A4-5287-4EF9-B1C9-2F5C56C6BCAD}.Release|iPhoneSimulator.Build.0 = Release|Any CPU
		{61813EE8-E5A8-477F-B8B8-07E963799F09}.Debug|Any CPU.ActiveCfg = Debug|Any CPU
		{61813EE8-E5A8-477F-B8B8-07E963799F09}.Debug|Any CPU.Build.0 = Debug|Any CPU
		{61813EE8-E5A8-477F-B8B8-07E963799F09}.Debug|iPhone.ActiveCfg = Debug|Any CPU
		{61813EE8-E5A8-477F-B8B8-07E963799F09}.Debug|iPhone.Build.0 = Debug|Any CPU
		{61813EE8-E5A8-477F-B8B8-07E963799F09}.Debug|iPhoneSimulator.ActiveCfg = Debug|Any CPU
		{61813EE8-E5A8-477F-B8B8-07E963799F09}.Debug|iPhoneSimulator.Build.0 = Debug|Any CPU
		{61813EE8-E5A8-477F-B8B8-07E963799F09}.Release|Any CPU.ActiveCfg = Release|Any CPU
		{61813EE8-E5A8-477F-B8B8-07E963799F09}.Release|Any CPU.Build.0 = Release|Any CPU
		{61813EE8-E5A8-477F-B8B8-07E963799F09}.Release|iPhone.ActiveCfg = Release|Any CPU
		{61813EE8-E5A8-477F-B8B8-07E963799F09}.Release|iPhone.Build.0 = Release|Any CPU
		{61813EE8-E5A8-477F-B8B8-07E963799F09}.Release|iPhoneSimulator.ActiveCfg = Release|Any CPU
		{61813EE8-E5A8-477F-B8B8-07E963799F09}.Release|iPhoneSimulator.Build.0 = Release|Any CPU
		{72BFB713-3E5F-4473-ADD5-31C07C148699}.Debug|Any CPU.ActiveCfg = Debug|Any CPU
		{72BFB713-3E5F-4473-ADD5-31C07C148699}.Debug|Any CPU.Build.0 = Debug|Any CPU
		{72BFB713-3E5F-4473-ADD5-31C07C148699}.Debug|iPhone.ActiveCfg = Debug|Any CPU
		{72BFB713-3E5F-4473-ADD5-31C07C148699}.Debug|iPhone.Build.0 = Debug|Any CPU
		{72BFB713-3E5F-4473-ADD5-31C07C148699}.Debug|iPhoneSimulator.ActiveCfg = Debug|Any CPU
		{72BFB713-3E5F-4473-ADD5-31C07C148699}.Debug|iPhoneSimulator.Build.0 = Debug|Any CPU
		{72BFB713-3E5F-4473-ADD5-31C07C148699}.Release|Any CPU.ActiveCfg = Release|Any CPU
		{72BFB713-3E5F-4473-ADD5-31C07C148699}.Release|Any CPU.Build.0 = Release|Any CPU
		{72BFB713-3E5F-4473-ADD5-31C07C148699}.Release|iPhone.ActiveCfg = Release|Any CPU
		{72BFB713-3E5F-4473-ADD5-31C07C148699}.Release|iPhone.Build.0 = Release|Any CPU
		{72BFB713-3E5F-4473-ADD5-31C07C148699}.Release|iPhoneSimulator.ActiveCfg = Release|Any CPU
		{72BFB713-3E5F-4473-ADD5-31C07C148699}.Release|iPhoneSimulator.Build.0 = Release|Any CPU
		{98B3D549-C3C9-4EA8-AC94-F7295B12F3DE}.Debug|Any CPU.ActiveCfg = Debug|Any CPU
		{98B3D549-C3C9-4EA8-AC94-F7295B12F3DE}.Debug|Any CPU.Build.0 = Debug|Any CPU
		{98B3D549-C3C9-4EA8-AC94-F7295B12F3DE}.Debug|iPhone.ActiveCfg = Debug|Any CPU
		{98B3D549-C3C9-4EA8-AC94-F7295B12F3DE}.Debug|iPhone.Build.0 = Debug|Any CPU
		{98B3D549-C3C9-4EA8-AC94-F7295B12F3DE}.Debug|iPhoneSimulator.ActiveCfg = Debug|Any CPU
		{98B3D549-C3C9-4EA8-AC94-F7295B12F3DE}.Debug|iPhoneSimulator.Build.0 = Debug|Any CPU
		{98B3D549-C3C9-4EA8-AC94-F7295B12F3DE}.Release|Any CPU.ActiveCfg = Release|Any CPU
		{98B3D549-C3C9-4EA8-AC94-F7295B12F3DE}.Release|Any CPU.Build.0 = Release|Any CPU
		{98B3D549-C3C9-4EA8-AC94-F7295B12F3DE}.Release|iPhone.ActiveCfg = Release|Any CPU
		{98B3D549-C3C9-4EA8-AC94-F7295B12F3DE}.Release|iPhone.Build.0 = Release|Any CPU
		{98B3D549-C3C9-4EA8-AC94-F7295B12F3DE}.Release|iPhoneSimulator.ActiveCfg = Release|Any CPU
		{98B3D549-C3C9-4EA8-AC94-F7295B12F3DE}.Release|iPhoneSimulator.Build.0 = Release|Any CPU
		{04221AE1-134B-44A0-BEF0-873B93090364}.Debug|Any CPU.ActiveCfg = Debug|iPhoneSimulator
		{04221AE1-134B-44A0-BEF0-873B93090364}.Debug|Any CPU.Build.0 = Debug|iPhoneSimulator
		{04221AE1-134B-44A0-BEF0-873B93090364}.Debug|iPhone.ActiveCfg = Debug|iPhone
		{04221AE1-134B-44A0-BEF0-873B93090364}.Debug|iPhone.Build.0 = Debug|iPhone
		{04221AE1-134B-44A0-BEF0-873B93090364}.Debug|iPhoneSimulator.ActiveCfg = Debug|iPhoneSimulator
		{04221AE1-134B-44A0-BEF0-873B93090364}.Debug|iPhoneSimulator.Build.0 = Debug|iPhoneSimulator
		{04221AE1-134B-44A0-BEF0-873B93090364}.Release|Any CPU.ActiveCfg = Release|iPhone
		{04221AE1-134B-44A0-BEF0-873B93090364}.Release|Any CPU.Build.0 = Release|iPhone
		{04221AE1-134B-44A0-BEF0-873B93090364}.Release|iPhone.ActiveCfg = Release|iPhone
		{04221AE1-134B-44A0-BEF0-873B93090364}.Release|iPhone.Build.0 = Release|iPhone
		{04221AE1-134B-44A0-BEF0-873B93090364}.Release|iPhoneSimulator.ActiveCfg = Release|iPhoneSimulator
		{04221AE1-134B-44A0-BEF0-873B93090364}.Release|iPhoneSimulator.Build.0 = Release|iPhoneSimulator
		{39630179-53BC-44C3-8F71-E3A966E9938A}.Debug|Any CPU.ActiveCfg = Debug|Any CPU
		{39630179-53BC-44C3-8F71-E3A966E9938A}.Debug|Any CPU.Build.0 = Debug|Any CPU
		{39630179-53BC-44C3-8F71-E3A966E9938A}.Debug|iPhone.ActiveCfg = Debug|Any CPU
		{39630179-53BC-44C3-8F71-E3A966E9938A}.Debug|iPhone.Build.0 = Debug|Any CPU
		{39630179-53BC-44C3-8F71-E3A966E9938A}.Debug|iPhoneSimulator.ActiveCfg = Debug|Any CPU
		{39630179-53BC-44C3-8F71-E3A966E9938A}.Debug|iPhoneSimulator.Build.0 = Debug|Any CPU
		{39630179-53BC-44C3-8F71-E3A966E9938A}.Release|Any CPU.ActiveCfg = Release|Any CPU
		{39630179-53BC-44C3-8F71-E3A966E9938A}.Release|Any CPU.Build.0 = Release|Any CPU
		{39630179-53BC-44C3-8F71-E3A966E9938A}.Release|iPhone.ActiveCfg = Release|Any CPU
		{39630179-53BC-44C3-8F71-E3A966E9938A}.Release|iPhone.Build.0 = Release|Any CPU
		{39630179-53BC-44C3-8F71-E3A966E9938A}.Release|iPhoneSimulator.ActiveCfg = Release|Any CPU
		{39630179-53BC-44C3-8F71-E3A966E9938A}.Release|iPhoneSimulator.Build.0 = Release|Any CPU
		{687E58E6-9D7D-48B7-9CD6-94F73D49851F}.Debug|Any CPU.ActiveCfg = Debug|Any CPU
		{687E58E6-9D7D-48B7-9CD6-94F73D49851F}.Debug|Any CPU.Build.0 = Debug|Any CPU
		{687E58E6-9D7D-48B7-9CD6-94F73D49851F}.Debug|iPhone.ActiveCfg = Debug|Any CPU
		{687E58E6-9D7D-48B7-9CD6-94F73D49851F}.Debug|iPhone.Build.0 = Debug|Any CPU
		{687E58E6-9D7D-48B7-9CD6-94F73D49851F}.Debug|iPhoneSimulator.ActiveCfg = Debug|Any CPU
		{687E58E6-9D7D-48B7-9CD6-94F73D49851F}.Debug|iPhoneSimulator.Build.0 = Debug|Any CPU
		{687E58E6-9D7D-48B7-9CD6-94F73D49851F}.Release|Any CPU.ActiveCfg = Release|Any CPU
		{687E58E6-9D7D-48B7-9CD6-94F73D49851F}.Release|Any CPU.Build.0 = Release|Any CPU
		{687E58E6-9D7D-48B7-9CD6-94F73D49851F}.Release|iPhone.ActiveCfg = Release|Any CPU
		{687E58E6-9D7D-48B7-9CD6-94F73D49851F}.Release|iPhone.Build.0 = Release|Any CPU
		{687E58E6-9D7D-48B7-9CD6-94F73D49851F}.Release|iPhoneSimulator.ActiveCfg = Release|Any CPU
		{687E58E6-9D7D-48B7-9CD6-94F73D49851F}.Release|iPhoneSimulator.Build.0 = Release|Any CPU
	EndGlobalSection
	GlobalSection(SolutionProperties) = preSolution
		HideSolutionNode = FALSE
	EndGlobalSection
	GlobalSection(MonoDevelopProperties) = preSolution
		Policies = $0
		$0.TextStylePolicy = $1
		$1.inheritsSet = null
		$1.scope = text/x-csharp
		$0.CSharpFormattingPolicy = $2
		$2.IndentSwitchBody = True
		$2.AnonymousMethodBraceStyle = NextLine
		$2.PropertyBraceStyle = NextLine
		$2.PropertyGetBraceStyle = NextLine
		$2.PropertySetBraceStyle = NextLine
		$2.EventBraceStyle = NextLine
		$2.EventAddBraceStyle = NextLine
		$2.EventRemoveBraceStyle = NextLine
		$2.StatementBraceStyle = NextLine
		$2.BeforeMethodDeclarationParentheses = False
		$2.BeforeMethodCallParentheses = False
		$2.BeforeConstructorDeclarationParentheses = False
		$2.BeforeDelegateDeclarationParentheses = False
		$2.AfterDelegateDeclarationParameterComma = True
		$2.NewParentheses = False
		$2.SpacesBeforeBrackets = False
		$2.inheritsSet = Mono
		$2.inheritsScope = text/x-csharp
		$2.scope = text/x-csharp
	EndGlobalSection
EndGlobal
