
Microsoft Visual Studio Solution File, Format Version 12.00
# Visual Studio 15
VisualStudioVersion = 15.0.26730.12
MinimumVisualStudioVersion = 10.0.40219.1
Project("{9A19103F-16F7-4668-BE54-9A1E7A4F7556}") = "Gwen", "GwenNet\Gwen.csproj", "{A71A5D74-48C7-4E4F-A041-7E60183C8D18}"
EndProject
Project("{9A19103F-16F7-4668-BE54-9A1E7A4F7556}") = "Gwen.Platform.NetCore", "GwenNet.Platform.NetCore\Gwen.Platform.NetCore.csproj", "{CC595B4B-F355-4277-8BC9-25EBDA8C8C5E}"
EndProject
Project("{9A19103F-16F7-4668-BE54-9A1E7A4F7556}") = "Gwen.Renderer.OpenTK", "Gwen.Renderer.OpenTK\Gwen.Renderer.OpenTK.csproj", "{196C7620-B69D-4712-A97B-4A26E63D4F4C}"
EndProject
Project("{9A19103F-16F7-4668-BE54-9A1E7A4F7556}") = "Gwen.UnitTest", "Gwen.UnitTest\Gwen.UnitTest.csproj", "{BFEF0809-600E-4FED-A47C-99185D148182}"
EndProject
Project("{9A19103F-16F7-4668-BE54-9A1E7A4F7556}") = "Gwen.UnitTest.OpenTK", "Gwen.UnitTest.OpenTK\Gwen.UnitTest.OpenTK.csproj", "{88FC6CFB-7A24-44F7-85AA-3BDAE59C79B9}"
EndProject
Global
	GlobalSection(SolutionConfigurationPlatforms) = preSolution
		Debug|Any CPU = Debug|Any CPU
		Release|Any CPU = Release|Any CPU
	EndGlobalSection
	GlobalSection(ProjectConfigurationPlatforms) = postSolution
		{A71A5D74-48C7-4E4F-A041-7E60183C8D18}.Debug|Any CPU.ActiveCfg = Debug|Any CPU
		{A71A5D74-48C7-4E4F-A041-7E60183C8D18}.Debug|Any CPU.Build.0 = Debug|Any CPU
		{A71A5D74-48C7-4E4F-A041-7E60183C8D18}.Release|Any CPU.ActiveCfg = Release|Any CPU
		{A71A5D74-48C7-4E4F-A041-7E60183C8D18}.Release|Any CPU.Build.0 = Release|Any CPU
		{CC595B4B-F355-4277-8BC9-25EBDA8C8C5E}.Debug|Any CPU.ActiveCfg = Debug|Any CPU
		{CC595B4B-F355-4277-8BC9-25EBDA8C8C5E}.Debug|Any CPU.Build.0 = Debug|Any CPU
		{CC595B4B-F355-4277-8BC9-25EBDA8C8C5E}.Release|Any CPU.ActiveCfg = Release|Any CPU
		{CC595B4B-F355-4277-8BC9-25EBDA8C8C5E}.Release|Any CPU.Build.0 = Release|Any CPU
		{196C7620-B69D-4712-A97B-4A26E63D4F4C}.Debug|Any CPU.ActiveCfg = Debug|Any CPU
		{196C7620-B69D-4712-A97B-4A26E63D4F4C}.Debug|Any CPU.Build.0 = Debug|Any CPU
		{196C7620-B69D-4712-A97B-4A26E63D4F4C}.Release|Any CPU.ActiveCfg = Release|Any CPU
		{196C7620-B69D-4712-A97B-4A26E63D4F4C}.Release|Any CPU.Build.0 = Release|Any CPU
		{BFEF0809-600E-4FED-A47C-99185D148182}.Debug|Any CPU.ActiveCfg = Debug|Any CPU
		{BFEF0809-600E-4FED-A47C-99185D148182}.Debug|Any CPU.Build.0 = Debug|Any CPU
		{BFEF0809-600E-4FED-A47C-99185D148182}.Release|Any CPU.ActiveCfg = Release|Any CPU
		{BFEF0809-600E-4FED-A47C-99185D148182}.Release|Any CPU.Build.0 = Release|Any CPU
		{88FC6CFB-7A24-44F7-85AA-3BDAE59C79B9}.Debug|Any CPU.ActiveCfg = Debug|Any CPU
		{88FC6CFB-7A24-44F7-85AA-3BDAE59C79B9}.Debug|Any CPU.Build.0 = Debug|Any CPU
		{88FC6CFB-7A24-44F7-85AA-3BDAE59C79B9}.Release|Any CPU.ActiveCfg = Release|Any CPU
		{88FC6CFB-7A24-44F7-85AA-3BDAE59C79B9}.Release|Any CPU.Build.0 = Release|Any CPU
	EndGlobalSection
	GlobalSection(SolutionProperties) = preSolution
		HideSolutionNode = FALSE
	EndGlobalSection
	GlobalSection(ExtensibilityGlobals) = postSolution
		SolutionGuid = {5657524E-9349-4227-B100-CAF53AB31CEE}
	EndGlobalSection
EndGlobal
